
Microsoft Visual Studio Solution File, Format Version 12.00
# Visual Studio Version 17
VisualStudioVersion = 17.2.32630.192
MinimumVisualStudioVersion = 10.0.40219.1
Project("{FAE04EC0-301F-11D3-BF4B-00C04F79EFBC}") = "Akumina.Custom.MachineTranslatorService", "Akumina.Custom.MachineTranslatorService\Akumina.Custom.MachineTranslatorService.csproj", "{96726DA1-E676-4FC2-B16A-A10176AE7D65}"
EndProject
Global
	GlobalSection(SolutionConfigurationPlatforms) = preSolution
		Debug|Any CPU = Debug|Any CPU
		Release|Any CPU = Release|Any CPU
	EndGlobalSection
	GlobalSection(ProjectConfigurationPlatforms) = postSolution
		{96726DA1-E676-4FC2-B16A-A10176AE7D65}.Debug|Any CPU.ActiveCfg = Debug|Any CPU
		{96726DA1-E676-4FC2-B16A-A10176AE7D65}.Debug|Any CPU.Build.0 = Debug|Any CPU
		{96726DA1-E676-4FC2-B16A-A10176AE7D65}.Release|Any CPU.ActiveCfg = Release|Any CPU
		{96726DA1-E676-4FC2-B16A-A10176AE7D65}.Release|Any CPU.Build.0 = Release|Any CPU
	EndGlobalSection
	GlobalSection(SolutionProperties) = preSolution
		HideSolutionNode = FALSE
	EndGlobalSection
	GlobalSection(ExtensibilityGlobals) = postSolution
		SolutionGuid = {EE70F0B2-5C36-419A-B72C-54443725AA21}
	EndGlobalSection
EndGlobal
