
Microsoft Visual Studio Solution File, Format Version 12.00
# Visual Studio 15
VisualStudioVersion = 15.0.28010.2016
MinimumVisualStudioVersion = 10.0.40219.1
Project("{FAE04EC0-301F-11D3-BF4B-00C04F79EFBC}") = "Akumina.Samples.TokenStore", "Akumina.Samples.TokenStore\Akumina.Samples.TokenStore.csproj", "{44612443-A9B6-4838-A157-26C23B9E978E}"
EndProject
Global
	GlobalSection(SolutionConfigurationPlatforms) = preSolution
		Debug|Any CPU = Debug|Any CPU
		Release|Any CPU = Release|Any CPU
	EndGlobalSection
	GlobalSection(ProjectConfigurationPlatforms) = postSolution
		{44612443-A9B6-4838-A157-26C23B9E978E}.Debug|Any CPU.ActiveCfg = Debug|Any CPU
		{44612443-A9B6-4838-A157-26C23B9E978E}.Debug|Any CPU.Build.0 = Debug|Any CPU
		{44612443-A9B6-4838-A157-26C23B9E978E}.Release|Any CPU.ActiveCfg = Release|Any CPU
		{44612443-A9B6-4838-A157-26C23B9E978E}.Release|Any CPU.Build.0 = Release|Any CPU
	EndGlobalSection
	GlobalSection(SolutionProperties) = preSolution
		HideSolutionNode = FALSE
	EndGlobalSection
	GlobalSection(ExtensibilityGlobals) = postSolution
		SolutionGuid = {CBC8AAC3-ACF5-4BE9-A7EC-A95702472819}
	EndGlobalSection
EndGlobal
