
Microsoft Visual Studio Solution File, Format Version 12.00
# Visual Studio Version 17
VisualStudioVersion = 17.12.35707.178 d17.12
MinimumVisualStudioVersion = 10.0.40219.1
Project("{FAE04EC0-301F-11D3-BF4B-00C04F79EFBC}") = "PeopleSync-Sample-8", "PeopleSync-Sample-8\PeopleSync-Sample-8.csproj", "{8B9FF978-1B15-4AF5-828B-54D3E9F4D828}"
EndProject
Project("{FAE04EC0-301F-11D3-BF4B-00C04F79EFBC}") = "Akumina.PeopleSync.Customization", "Akumina.PeopleSync.Customization\Akumina.PeopleSync.Customization.csproj", "{3AAF2693-C9D5-4571-B697-9B9F94113B31}"
EndProject
Global
	GlobalSection(SolutionConfigurationPlatforms) = preSolution
		Debug|Any CPU = Debug|Any CPU
		Release|Any CPU = Release|Any CPU
	EndGlobalSection
	GlobalSection(ProjectConfigurationPlatforms) = postSolution
		{8B9FF978-1B15-4AF5-828B-54D3E9F4D828}.Debug|Any CPU.ActiveCfg = Debug|Any CPU
		{8B9FF978-1B15-4AF5-828B-54D3E9F4D828}.Debug|Any CPU.Build.0 = Debug|Any CPU
		{8B9FF978-1B15-4AF5-828B-54D3E9F4D828}.Release|Any CPU.ActiveCfg = Release|Any CPU
		{8B9FF978-1B15-4AF5-828B-54D3E9F4D828}.Release|Any CPU.Build.0 = Release|Any CPU
		{3AAF2693-C9D5-4571-B697-9B9F94113B31}.Debug|Any CPU.ActiveCfg = Debug|Any CPU
		{3AAF2693-C9D5-4571-B697-9B9F94113B31}.Debug|Any CPU.Build.0 = Debug|Any CPU
		{3AAF2693-C9D5-4571-B697-9B9F94113B31}.Release|Any CPU.ActiveCfg = Release|Any CPU
		{3AAF2693-C9D5-4571-B697-9B9F94113B31}.Release|Any CPU.Build.0 = Release|Any CPU
	EndGlobalSection
	GlobalSection(SolutionProperties) = preSolution
		HideSolutionNode = FALSE
	EndGlobalSection
EndGlobal
