
Microsoft Visual Studio Solution File, Format Version 12.00
# Visual Studio Version 17
VisualStudioVersion = 17.8.34309.116
MinimumVisualStudioVersion = 10.0.40219.1
Project("{FAE04EC0-301F-11D3-BF4B-00C04F79EFBC}") = "Akumina.PeopleSync.Customization", "Akumina.PeopleSync.Customization\Akumina.PeopleSync.Customization.csproj", "{0A14D08E-DBDF-4F0F-BCAA-AB4DCC13DEC3}"
EndProject
Global
	GlobalSection(SolutionConfigurationPlatforms) = preSolution
		Debug|Any CPU = Debug|Any CPU
		Release|Any CPU = Release|Any CPU
	EndGlobalSection
	GlobalSection(ProjectConfigurationPlatforms) = postSolution
		{0A14D08E-DBDF-4F0F-BCAA-AB4DCC13DEC3}.Debug|Any CPU.ActiveCfg = Debug|Any CPU
		{0A14D08E-DBDF-4F0F-BCAA-AB4DCC13DEC3}.Debug|Any CPU.Build.0 = Debug|Any CPU
		{0A14D08E-DBDF-4F0F-BCAA-AB4DCC13DEC3}.Release|Any CPU.ActiveCfg = Release|Any CPU
		{0A14D08E-DBDF-4F0F-BCAA-AB4DCC13DEC3}.Release|Any CPU.Build.0 = Release|Any CPU
	EndGlobalSection
	GlobalSection(SolutionProperties) = preSolution
		HideSolutionNode = FALSE
	EndGlobalSection
	GlobalSection(ExtensibilityGlobals) = postSolution
		SolutionGuid = {4C37ED01-9BCE-4D9A-B9D0-65FC3B84BDDB}
	EndGlobalSection
EndGlobal
