
Microsoft Visual Studio Solution File, Format Version 12.00
# Visual Studio 15
VisualStudioVersion = 15.0.27428.2015
MinimumVisualStudioVersion = 10.0.40219.1
Project("{FAE04EC0-301F-11D3-BF4B-00C04F79EFBC}") = "PeopleSync.Customization", "PeopleSync.Customization\PeopleSync.Customization.csproj", "{57E1310B-6D7B-428B-ABAC-9A979C6A21BF}"
EndProject
Global
	GlobalSection(SolutionConfigurationPlatforms) = preSolution
		Debug|Any CPU = Debug|Any CPU
		Release|Any CPU = Release|Any CPU
	EndGlobalSection
	GlobalSection(ProjectConfigurationPlatforms) = postSolution
		{57E1310B-6D7B-428B-ABAC-9A979C6A21BF}.Debug|Any CPU.ActiveCfg = Debug|Any CPU
		{57E1310B-6D7B-428B-ABAC-9A979C6A21BF}.Debug|Any CPU.Build.0 = Debug|Any CPU
		{57E1310B-6D7B-428B-ABAC-9A979C6A21BF}.Release|Any CPU.ActiveCfg = Release|Any CPU
		{57E1310B-6D7B-428B-ABAC-9A979C6A21BF}.Release|Any CPU.Build.0 = Release|Any CPU
	EndGlobalSection
	GlobalSection(SolutionProperties) = preSolution
		HideSolutionNode = FALSE
	EndGlobalSection
	GlobalSection(ExtensibilityGlobals) = postSolution
		SolutionGuid = {611FD20C-5F4D-4A34-91E2-ED21F62B4F46}
	EndGlobalSection
EndGlobal
